
Microsoft Visual Studio Solution File, Format Version 12.00
# Visual Studio Version 16
VisualStudioVersion = 16.0.31402.337
MinimumVisualStudioVersion = 10.0.40219.1
Project("{9A19103F-16F7-4668-BE54-9A1E7A4F7556}") = "ComplexDataModelCoreAndAngular", "ComplexDataModelCoreAndAngular\ComplexDataModelCoreAndAngular.csproj", "{FBBD36E4-F246-4104-9E25-99D4282F4CF5}"
EndProject
Project("{9A19103F-16F7-4668-BE54-9A1E7A4F7556}") = "App.Entities", "App.Entities\App.Entities.csproj", "{A58F66D6-3669-4617-8068-F58C0452242F}"
EndProject
Project("{FAE04EC0-301F-11D3-BF4B-00C04F79EFBC}") = "MethodPractices", "MethodPractices\MethodPractices.csproj", "{09770EF1-BB2C-446C-81BC-3230006392EF}"
EndProject
Global
	GlobalSection(SolutionConfigurationPlatforms) = preSolution
		Debug|Any CPU = Debug|Any CPU
		Release|Any CPU = Release|Any CPU
	EndGlobalSection
	GlobalSection(ProjectConfigurationPlatforms) = postSolution
		{FBBD36E4-F246-4104-9E25-99D4282F4CF5}.Debug|Any CPU.ActiveCfg = Debug|Any CPU
		{FBBD36E4-F246-4104-9E25-99D4282F4CF5}.Debug|Any CPU.Build.0 = Debug|Any CPU
		{FBBD36E4-F246-4104-9E25-99D4282F4CF5}.Release|Any CPU.ActiveCfg = Release|Any CPU
		{FBBD36E4-F246-4104-9E25-99D4282F4CF5}.Release|Any CPU.Build.0 = Release|Any CPU
		{A58F66D6-3669-4617-8068-F58C0452242F}.Debug|Any CPU.ActiveCfg = Debug|Any CPU
		{A58F66D6-3669-4617-8068-F58C0452242F}.Debug|Any CPU.Build.0 = Debug|Any CPU
		{A58F66D6-3669-4617-8068-F58C0452242F}.Release|Any CPU.ActiveCfg = Release|Any CPU
		{A58F66D6-3669-4617-8068-F58C0452242F}.Release|Any CPU.Build.0 = Release|Any CPU
		{09770EF1-BB2C-446C-81BC-3230006392EF}.Debug|Any CPU.ActiveCfg = Debug|Any CPU
		{09770EF1-BB2C-446C-81BC-3230006392EF}.Debug|Any CPU.Build.0 = Debug|Any CPU
		{09770EF1-BB2C-446C-81BC-3230006392EF}.Release|Any CPU.ActiveCfg = Release|Any CPU
		{09770EF1-BB2C-446C-81BC-3230006392EF}.Release|Any CPU.Build.0 = Release|Any CPU
	EndGlobalSection
	GlobalSection(SolutionProperties) = preSolution
		HideSolutionNode = FALSE
	EndGlobalSection
	GlobalSection(ExtensibilityGlobals) = postSolution
		SolutionGuid = {58736AD2-0FF7-4BEC-B82E-CE1FCA08B325}
	EndGlobalSection
EndGlobal
